
Microsoft Visual Studio Solution File, Format Version 12.00
# Visual Studio Version 17
VisualStudioVersion = 17.5.002.0
MinimumVisualStudioVersion = 10.0.40219.1
Project("{9A19103F-16F7-4668-BE54-9A1E7A4F7556}") = "algorithm_tester", "Algorithm_tester\algorithm_tester.csproj", "{43DAA63B-24E6-4C7D-9587-60C49F61B4E5}"
EndProject
Global
	GlobalSection(SolutionConfigurationPlatforms) = preSolution
		Debug|Any CPU = Debug|Any CPU
		Release|Any CPU = Release|Any CPU
	EndGlobalSection
	GlobalSection(ProjectConfigurationPlatforms) = postSolution
		{43DAA63B-24E6-4C7D-9587-60C49F61B4E5}.Debug|Any CPU.ActiveCfg = Debug|Any CPU
		{43DAA63B-24E6-4C7D-9587-60C49F61B4E5}.Debug|Any CPU.Build.0 = Debug|Any CPU
		{43DAA63B-24E6-4C7D-9587-60C49F61B4E5}.Release|Any CPU.ActiveCfg = Release|Any CPU
		{43DAA63B-24E6-4C7D-9587-60C49F61B4E5}.Release|Any CPU.Build.0 = Release|Any CPU
	EndGlobalSection
	GlobalSection(SolutionProperties) = preSolution
		HideSolutionNode = FALSE
	EndGlobalSection
	GlobalSection(ExtensibilityGlobals) = postSolution
		SolutionGuid = {093A8EE5-CE1C-4870-948C-354623F95CAF}
	EndGlobalSection
EndGlobal
